PODS:
  - DRYUI (0.9.2):
    - DRYUI/base (= 0.9.2)
    - DRYUI/objc (= 0.9.2)
    - DRYUI/swift (= 0.9.2)
  - DRYUI/base (0.9.2):
    - Masonry
  - DRYUI/objc (0.9.2):
    - DRYUI/base
  - DRYUI/swift (0.9.2):
    - DRYUI/base
    - SnapKit
  - Masonry (0.6.4)
  - SnapKit (0.19.1)

DEPENDENCIES:
  - DRYUI (from `./`)

EXTERNAL SOURCES:
  DRYUI:
    :path: ./

SPEC CHECKSUMS:
  DRYUI: a74e593e4f20b22a78a8ddb73e58b04bfa00fabb
  Masonry: 281802d04d787ea2973179ee8bcb50500579ede2
  SnapKit: eff58d6e3451bf2f482db2eccf86aecf371dc62d

PODFILE CHECKSUM: 3057d78a53f5dd5233968e9b5f19d16fafff8234

COCOAPODS: 1.0.1
